
Microsoft Visual Studio Solution File, Format Version 12.00
# Visual Studio Version 17
VisualStudioVersion = 17.3.32819.101
MinimumVisualStudioVersion = 10.0.40219.1
Project("{FAE04EC0-301F-11D3-BF4B-00C04F79EFBC}") = "WixSharp_Setup62", "WixSharp_Setup62\WixSharp_Setup62.csproj", "{261EF639-850E-4889-A805-D68800039F4F}"
EndProject
Global
	GlobalSection(SolutionConfigurationPlatforms) = preSolution
		Debug|Any CPU = Debug|Any CPU
		Release|Any CPU = Release|Any CPU
	EndGlobalSection
	GlobalSection(ProjectConfigurationPlatforms) = postSolution
		{261EF639-850E-4889-A805-D68800039F4F}.Debug|Any CPU.ActiveCfg = Debug|Any CPU
		{261EF639-850E-4889-A805-D68800039F4F}.Debug|Any CPU.Build.0 = Debug|Any CPU
		{261EF639-850E-4889-A805-D68800039F4F}.Release|Any CPU.ActiveCfg = Release|Any CPU
		{261EF639-850E-4889-A805-D68800039F4F}.Release|Any CPU.Build.0 = Release|Any CPU
	EndGlobalSection
	GlobalSection(SolutionProperties) = preSolution
		HideSolutionNode = FALSE
	EndGlobalSection
	GlobalSection(ExtensibilityGlobals) = postSolution
		SolutionGuid = {8AE2793D-BE75-4825-BC8D-9385774446B0}
	EndGlobalSection
EndGlobal
